// !$*UTF8*$!
{
	archiveVersion = 1;
	classes = {
	};
	objectVersion = 77;
	objects = {

/* Begin PBXBuildFile section */
		082ED673303EE688004EB778 /* KnownDeviceStore.swift in Sources */ = {isa = PBXBuildFile; fileRef = 082ED672303EE688004EB778 /* KnownDeviceStore.swift */; };
		E00000000000000000000001 /* CipherPathApp.swift in Sources */ = {isa = PBXBuildFile; fileRef = F00000000000000000000001 /* CipherPathApp.swift */; };
		E00000000000000000000002 /* AppShellView.swift in Sources */ = {isa = PBXBuildFile; fileRef = F00000000000000000000002 /* AppShellView.swift */; };
		E00000000000000000000003 /* Models.swift in Sources */ = {isa = PBXBuildFile; fileRef = F00000000000000000000003 /* Models.swift */; };
		E00000000000000000000004 /* LocalNetworkInfo.swift in Sources */ = {isa = PBXBuildFile; fileRef = F00000000000000000000004 /* LocalNetworkInfo.swift */; };
		E00000000000000000000005 /* BonjourDiscovery.swift in Sources */ = {isa = PBXBuildFile; fileRef = F00000000000000000000005 /* BonjourDiscovery.swift */; };
		E00000000000000000000006 /* NetworkScanner.swift in Sources */ = {isa = PBXBuildFile; fileRef = F00000000000000000000006 /* NetworkScanner.swift */; };
		E00000000000000000000007 /* ScannerView.swift in Sources */ = {isa = PBXBuildFile; fileRef = F00000000000000000000007 /* ScannerView.swift */; };
		E00000000000000000000008 /* SupportingViews.swift in Sources */ = {isa = PBXBuildFile; fileRef = F00000000000000000000008 /* SupportingViews.swift */; };
		E00000000000000000000009 /* CipherPathTests.swift in Sources */ = {isa = PBXBuildFile; fileRef = F0000000000000000000000A /* CipherPathTests.swift */; };
		E00000000000000000000010 /* NetworkDiagnostics.swift in Sources */ = {isa = PBXBuildFile; fileRef = F00000000000000000000013 /* NetworkDiagnostics.swift */; };
		E00000000000000000000011 /* NetworkToolsModel.swift in Sources */ = {isa = PBXBuildFile; fileRef = F00000000000000000000014 /* NetworkToolsModel.swift */; };
		E00000000000000000000012 /* DiagnosticsView.swift in Sources */ = {isa = PBXBuildFile; fileRef = F00000000000000000000015 /* DiagnosticsView.swift */; };
		E00000000000000000000013 /* PortScannerView.swift in Sources */ = {isa = PBXBuildFile; fileRef = F00000000000000000000016 /* PortScannerView.swift */; };
		E00000000000000000000014 /* DashboardView.swift in Sources */ = {isa = PBXBuildFile; fileRef = F00000000000000000000017 /* DashboardView.swift */; };
		E00000000000000000000015 /* UIComponents.swift in Sources */ = {isa = PBXBuildFile; fileRef = F00000000000000000000018 /* UIComponents.swift */; };
		E00000000000000000000016 /* ISHToolkit.swift in Sources */ = {isa = PBXBuildFile; fileRef = F00000000000000000000019 /* ISHToolkit.swift */; };
		E00000000000000000000017 /* ISHToolkitView.swift in Sources */ = {isa = PBXBuildFile; fileRef = F0000000000000000000001A /* ISHToolkitView.swift */; };
		E00000000000000000000018 /* ScanDetailsView.swift in Sources */ = {isa = PBXBuildFile; fileRef = F0000000000000000000001B /* ScanDetailsView.swift */; };
		E00000000000000000000019 /* Assets.xcassets in Resources */ = {isa = PBXBuildFile; fileRef = F0000000000000000000000D /* Assets.xcassets */; };
		E00000000000000000000020 /* PrivacyInfo.xcprivacy in Resources */ = {isa = PBXBuildFile; fileRef = F0000000000000000000001C /* PrivacyInfo.xcprivacy */; };
		E00000000000000000000021 /* SSHShortcutLibrary.swift in Sources */ = {isa = PBXBuildFile; fileRef = F0000000000000000000001D /* SSHShortcutLibrary.swift */; };
		E00000000000000000000022 /* SSHShortcutLibraryView.swift in Sources */ = {isa = PBXBuildFile; fileRef = F0000000000000000000001E /* SSHShortcutLibraryView.swift */; };
		E00000000000000000000023 /* ToolboxModel.swift in Sources */ = {isa = PBXBuildFile; fileRef = F0000000000000000000001F /* ToolboxModel.swift */; };
		E00000000000000000000024 /* ToolboxView.swift in Sources */ = {isa = PBXBuildFile; fileRef = F00000000000000000000020 /* ToolboxView.swift */; };
		E00000000000000000000025 /* LearningModels.swift in Sources */ = {isa = PBXBuildFile; fileRef = F00000000000000000000021 /* LearningModels.swift */; };
		E00000000000000000000026 /* LearningPathListView.swift in Sources */ = {isa = PBXBuildFile; fileRef = F00000000000000000000022 /* LearningPathListView.swift */; };
		E00000000000000000000027 /* LearningPathDetailView.swift in Sources */ = {isa = PBXBuildFile; fileRef = F00000000000000000000023 /* LearningPathDetailView.swift */; };
		E00000000000000000000028 /* MissionsView.swift in Sources */ = {isa = PBXBuildFile; fileRef = F00000000000000000000024 /* MissionsView.swift */; };
		E00000000000000000000029 /* AchievementsView.swift in Sources */ = {isa = PBXBuildFile; fileRef = F00000000000000000000025 /* AchievementsView.swift */; };
		E00000000000000000000030 /* LearningProgressStore.swift in Sources */ = {isa = PBXBuildFile; fileRef = F00000000000000000000026 /* LearningProgressStore.swift */; };
		E00000000000000000000031 /* LessonFlowView.swift in Sources */ = {isa = PBXBuildFile; fileRef = F00000000000000000000027 /* LessonFlowView.swift */; };
		E00000000000000000000032 /* LabEngineTests.swift in Sources */ = {isa = PBXBuildFile; fileRef = F00000000000000000000028 /* LabEngineTests.swift */; };
		E00000000000000000000033 /* LabCommandParser.swift in Sources */ = {isa = PBXBuildFile; fileRef = F00000000000000000000029 /* LabCommandParser.swift */; };
		E00000000000000000000034 /* LabModels.swift in Sources */ = {isa = PBXBuildFile; fileRef = F00000000000000000000030 /* LabModels.swift */; };
		E00000000000000000000035 /* LabEngine.swift in Sources */ = {isa = PBXBuildFile; fileRef = F00000000000000000000031 /* LabEngine.swift */; };
		E00000000000000000000036 /* StarterLabsTests.swift in Sources */ = {isa = PBXBuildFile; fileRef = F00000000000000000000032 /* StarterLabsTests.swift */; };
		E00000000000000000000037 /* StarterLabs.swift in Sources */ = {isa = PBXBuildFile; fileRef = F00000000000000000000033 /* StarterLabs.swift */; };
		E00000000000000000000038 /* LabTerminalView.swift in Sources */ = {isa = PBXBuildFile; fileRef = F00000000000000000000034 /* LabTerminalView.swift */; };
		E00000000000000000000039 /* AchievementTests.swift in Sources */ = {isa = PBXBuildFile; fileRef = F00000000000000000000035 /* AchievementTests.swift */; };
		E00000000000000000000040 /* AchievementModels.swift in Sources */ = {isa = PBXBuildFile; fileRef = F00000000000000000000036 /* AchievementModels.swift */; };
		E00000000000000000000041 /* PointsWalletTests.swift in Sources */ = {isa = PBXBuildFile; fileRef = F00000000000000000000037 /* PointsWalletTests.swift */; };
		E00000000000000000000042 /* PointsModels.swift in Sources */ = {isa = PBXBuildFile; fileRef = F00000000000000000000038 /* PointsModels.swift */; };
		E00000000000000000000043 /* PointsView.swift in Sources */ = {isa = PBXBuildFile; fileRef = F00000000000000000000039 /* PointsView.swift */; };
/* End PBXBuildFile section */

/* Begin PBXContainerItemProxy section */
		A10000000000000000000001 /* PBXContainerItemProxy */ = {
			isa = PBXContainerItemProxy;
			containerPortal = A00000000000000000000001 /* Project object */;
			proxyType = 1;
			remoteGlobalIDString = A00000000000000000000002;
			remoteInfo = CipherPath;
		};
/* End PBXContainerItemProxy section */

/* Begin PBXFileReference section */
		082ED672303EE688004EB778 /* KnownDeviceStore.swift */ = {isa = PBXFileReference; lastKnownFileType = sourcecode.swift; path = KnownDeviceStore.swift; sourceTree = "<group>"; };
		F00000000000000000000001 /* CipherPathApp.swift */ = {isa = PBXFileReference; lastKnownFileType = sourcecode.swift; path = CipherPathApp.swift; sourceTree = "<group>"; };
		F00000000000000000000002 /* AppShellView.swift */ = {isa = PBXFileReference; lastKnownFileType = sourcecode.swift; path = AppShellView.swift; sourceTree = "<group>"; };
		F00000000000000000000003 /* Models.swift */ = {isa = PBXFileReference; lastKnownFileType = sourcecode.swift; path = Models.swift; sourceTree = "<group>"; };
		F00000000000000000000004 /* LocalNetworkInfo.swift */ = {isa = PBXFileReference; lastKnownFileType = sourcecode.swift; path = LocalNetworkInfo.swift; sourceTree = "<group>"; };
		F00000000000000000000005 /* BonjourDiscovery.swift */ = {isa = PBXFileReference; lastKnownFileType = sourcecode.swift; path = BonjourDiscovery.swift; sourceTree = "<group>"; };
		F00000000000000000000006 /* NetworkScanner.swift */ = {isa = PBXFileReference; lastKnownFileType = sourcecode.swift; path = NetworkScanner.swift; sourceTree = "<group>"; };
		F00000000000000000000007 /* ScannerView.swift */ = {isa = PBXFileReference; lastKnownFileType = sourcecode.swift; path = ScannerView.swift; sourceTree = "<group>"; };
		F00000000000000000000008 /* SupportingViews.swift */ = {isa = PBXFileReference; lastKnownFileType = sourcecode.swift; path = SupportingViews.swift; sourceTree = "<group>"; };
		F00000000000000000000009 /* Info.plist */ = {isa = PBXFileReference; lastKnownFileType = text.plist.xml; path = Info.plist; sourceTree = "<group>"; };
		F0000000000000000000000A /* CipherPathTests.swift */ = {isa = PBXFileReference; lastKnownFileType = sourcecode.swift; path = CipherPathTests.swift; sourceTree = "<group>"; };
		F0000000000000000000000B /* CipherPath.app */ = {isa = PBXFileReference; explicitFileType = wrapper.application; includeInIndex = 0; path = CipherPath.app; sourceTree = BUILT_PRODUCTS_DIR; };
		F0000000000000000000000C /* CipherPathTests.xctest */ = {isa = PBXFileReference; explicitFileType = wrapper.cfbundle; includeInIndex = 0; path = CipherPathTests.xctest; sourceTree = BUILT_PRODUCTS_DIR; };
		F0000000000000000000000D /* Assets.xcassets */ = {isa = PBXFileReference; lastKnownFileType = folder.assetcatalog; path = Assets.xcassets; sourceTree = "<group>"; };
		F00000000000000000000013 /* NetworkDiagnostics.swift */ = {isa = PBXFileReference; lastKnownFileType = sourcecode.swift; path = NetworkDiagnostics.swift; sourceTree = "<group>"; };
		F00000000000000000000014 /* NetworkToolsModel.swift */ = {isa = PBXFileReference; lastKnownFileType = sourcecode.swift; path = NetworkToolsModel.swift; sourceTree = "<group>"; };
		F00000000000000000000015 /* DiagnosticsView.swift */ = {isa = PBXFileReference; lastKnownFileType = sourcecode.swift; path = DiagnosticsView.swift; sourceTree = "<group>"; };
		F00000000000000000000016 /* PortScannerView.swift */ = {isa = PBXFileReference; lastKnownFileType = sourcecode.swift; path = PortScannerView.swift; sourceTree = "<group>"; };
		F00000000000000000000017 /* DashboardView.swift */ = {isa = PBXFileReference; lastKnownFileType = sourcecode.swift; path = DashboardView.swift; sourceTree = "<group>"; };
		F00000000000000000000018 /* UIComponents.swift */ = {isa = PBXFileReference; lastKnownFileType = sourcecode.swift; path = UIComponents.swift; sourceTree = "<group>"; };
		F00000000000000000000019 /* ISHToolkit.swift */ = {isa = PBXFileReference; lastKnownFileType = sourcecode.swift; path = ISHToolkit.swift; sourceTree = "<group>"; };
		F0000000000000000000001A /* ISHToolkitView.swift */ = {isa = PBXFileReference; lastKnownFileType = sourcecode.swift; path = ISHToolkitView.swift; sourceTree = "<group>"; };
		F0000000000000000000001B /* ScanDetailsView.swift */ = {isa = PBXFileReference; lastKnownFileType = sourcecode.swift; path = ScanDetailsView.swift; sourceTree = "<group>"; };
		F0000000000000000000001C /* PrivacyInfo.xcprivacy */ = {isa = PBXFileReference; lastKnownFileType = text.plist.xml; path = PrivacyInfo.xcprivacy; sourceTree = "<group>"; };
		F0000000000000000000001D /* SSHShortcutLibrary.swift */ = {isa = PBXFileReference; lastKnownFileType = sourcecode.swift; path = SSHShortcutLibrary.swift; sourceTree = "<group>"; };
		F0000000000000000000001E /* SSHShortcutLibraryView.swift */ = {isa = PBXFileReference; lastKnownFileType = sourcecode.swift; path = SSHShortcutLibraryView.swift; sourceTree = "<group>"; };
		F0000000000000000000001F /* ToolboxModel.swift */ = {isa = PBXFileReference; lastKnownFileType = sourcecode.swift; path = ToolboxModel.swift; sourceTree = "<group>"; };
		F00000000000000000000020 /* ToolboxView.swift */ = {isa = PBXFileReference; lastKnownFileType = sourcecode.swift; path = ToolboxView.swift; sourceTree = "<group>"; };
		F00000000000000000000021 /* LearningModels.swift */ = {isa = PBXFileReference; lastKnownFileType = sourcecode.swift; path = LearningModels.swift; sourceTree = "<group>"; };
		F00000000000000000000022 /* LearningPathListView.swift */ = {isa = PBXFileReference; lastKnownFileType = sourcecode.swift; path = LearningPathListView.swift; sourceTree = "<group>"; };
		F00000000000000000000023 /* LearningPathDetailView.swift */ = {isa = PBXFileReference; lastKnownFileType = sourcecode.swift; path = LearningPathDetailView.swift; sourceTree = "<group>"; };
		F00000000000000000000024 /* MissionsView.swift */ = {isa = PBXFileReference; lastKnownFileType = sourcecode.swift; path = MissionsView.swift; sourceTree = "<group>"; };
		F00000000000000000000025 /* AchievementsView.swift */ = {isa = PBXFileReference; lastKnownFileType = sourcecode.swift; path = AchievementsView.swift; sourceTree = "<group>"; };
		F00000000000000000000026 /* LearningProgressStore.swift */ = {isa = PBXFileReference; lastKnownFileType = sourcecode.swift; path = LearningProgressStore.swift; sourceTree = "<group>"; };
		F00000000000000000000027 /* LessonFlowView.swift */ = {isa = PBXFileReference; lastKnownFileType = sourcecode.swift; path = LessonFlowView.swift; sourceTree = "<group>"; };
		F00000000000000000000028 /* LabEngineTests.swift */ = {isa = PBXFileReference; lastKnownFileType = sourcecode.swift; path = LabEngineTests.swift; sourceTree = "<group>"; };
		F00000000000000000000029 /* LabCommandParser.swift */ = {isa = PBXFileReference; lastKnownFileType = sourcecode.swift; path = LabCommandParser.swift; sourceTree = "<group>"; };
		F00000000000000000000030 /* LabModels.swift */ = {isa = PBXFileReference; lastKnownFileType = sourcecode.swift; path = LabModels.swift; sourceTree = "<group>"; };
		F00000000000000000000031 /* LabEngine.swift */ = {isa = PBXFileReference; lastKnownFileType = sourcecode.swift; path = LabEngine.swift; sourceTree = "<group>"; };
		F00000000000000000000032 /* StarterLabsTests.swift */ = {isa = PBXFileReference; lastKnownFileType = sourcecode.swift; path = StarterLabsTests.swift; sourceTree = "<group>"; };
		F00000000000000000000033 /* StarterLabs.swift */ = {isa = PBXFileReference; lastKnownFileType = sourcecode.swift; path = StarterLabs.swift; sourceTree = "<group>"; };
		F00000000000000000000034 /* LabTerminalView.swift */ = {isa = PBXFileReference; lastKnownFileType = sourcecode.swift; path = LabTerminalView.swift; sourceTree = "<group>"; };
		F00000000000000000000035 /* AchievementTests.swift */ = {isa = PBXFileReference; lastKnownFileType = sourcecode.swift; path = AchievementTests.swift; sourceTree = "<group>"; };
		F00000000000000000000036 /* AchievementModels.swift */ = {isa = PBXFileReference; lastKnownFileType = sourcecode.swift; path = AchievementModels.swift; sourceTree = "<group>"; };
		F00000000000000000000037 /* PointsWalletTests.swift */ = {isa = PBXFileReference; lastKnownFileType = sourcecode.swift; path = PointsWalletTests.swift; sourceTree = "<group>"; };
		F00000000000000000000038 /* PointsModels.swift */ = {isa = PBXFileReference; lastKnownFileType = sourcecode.swift; path = PointsModels.swift; sourceTree = "<group>"; };
		F00000000000000000000039 /* PointsView.swift */ = {isa = PBXFileReference; lastKnownFileType = sourcecode.swift; path = PointsView.swift; sourceTree = "<group>"; };
/* End PBXFileReference section */

/* Begin PBXFrameworksBuildPhase section */
		B00000000000000000000001 /* Frameworks */ = {
			isa = PBXFrameworksBuildPhase;
			buildActionMask = 2147483647;
			files = (
			);
			runOnlyForDeploymentPostprocessing = 0;
		};
		B00000000000000000000002 /* Frameworks */ = {
			isa = PBXFrameworksBuildPhase;
			buildActionMask = 2147483647;
			files = (
			);
			runOnlyForDeploymentPostprocessing = 0;
		};
/* End PBXFrameworksBuildPhase section */

/* Begin PBXGroup section */
		A00000000000000000000003 = {
			isa = PBXGroup;
			children = (
				A00000000000000000000004 /* CipherPath */,
				A00000000000000000000005 /* CipherPathTests */,
				A00000000000000000000006 /* Products */,
			);
			sourceTree = "<group>";
		};
		A00000000000000000000004 /* CipherPath */ = {
			isa = PBXGroup;
			children = (
				F00000000000000000000001 /* CipherPathApp.swift */,
				082ED672303EE688004EB778 /* KnownDeviceStore.swift */,
				F00000000000000000000002 /* AppShellView.swift */,
				F00000000000000000000003 /* Models.swift */,
				F00000000000000000000004 /* LocalNetworkInfo.swift */,
				F00000000000000000000005 /* BonjourDiscovery.swift */,
				F00000000000000000000006 /* NetworkScanner.swift */,
				F00000000000000000000013 /* NetworkDiagnostics.swift */,
				F00000000000000000000014 /* NetworkToolsModel.swift */,
				F00000000000000000000015 /* DiagnosticsView.swift */,
				F00000000000000000000016 /* PortScannerView.swift */,
				F00000000000000000000017 /* DashboardView.swift */,
				F00000000000000000000018 /* UIComponents.swift */,
				F00000000000000000000019 /* ISHToolkit.swift */,
				F0000000000000000000001A /* ISHToolkitView.swift */,
				F0000000000000000000001D /* SSHShortcutLibrary.swift */,
				F0000000000000000000001E /* SSHShortcutLibraryView.swift */,
				F0000000000000000000001F /* ToolboxModel.swift */,
				F00000000000000000000020 /* ToolboxView.swift */,
				F00000000000000000000021 /* LearningModels.swift */,
				F00000000000000000000022 /* LearningPathListView.swift */,
				F00000000000000000000023 /* LearningPathDetailView.swift */,
				F00000000000000000000024 /* MissionsView.swift */,
				F00000000000000000000025 /* AchievementsView.swift */,
				F00000000000000000000026 /* LearningProgressStore.swift */,
				F00000000000000000000027 /* LessonFlowView.swift */,
				F00000000000000000000029 /* LabCommandParser.swift */,
				F00000000000000000000030 /* LabModels.swift */,
				F00000000000000000000031 /* LabEngine.swift */,
				F00000000000000000000033 /* StarterLabs.swift */,
				F00000000000000000000034 /* LabTerminalView.swift */,
				F00000000000000000000036 /* AchievementModels.swift */,
				F00000000000000000000038 /* PointsModels.swift */,
				F00000000000000000000039 /* PointsView.swift */,
				F0000000000000000000001B /* ScanDetailsView.swift */,
				F00000000000000000000007 /* ScannerView.swift */,
				F00000000000000000000008 /* SupportingViews.swift */,
				F00000000000000000000009 /* Info.plist */,
				F0000000000000000000001C /* PrivacyInfo.xcprivacy */,
				F0000000000000000000000D /* Assets.xcassets */,
			);
			path = CipherPath;
			sourceTree = "<group>";
		};
		A00000000000000000000005 /* CipherPathTests */ = {
			isa = PBXGroup;
			children = (
				F0000000000000000000000A /* CipherPathTests.swift */,
				F00000000000000000000028 /* LabEngineTests.swift */,
				F00000000000000000000032 /* StarterLabsTests.swift */,
				F00000000000000000000035 /* AchievementTests.swift */,
				F00000000000000000000037 /* PointsWalletTests.swift */,
			);
			path = CipherPathTests;
			sourceTree = "<group>";
		};
		A00000000000000000000006 /* Products */ = {
			isa = PBXGroup;
			children = (
				F0000000000000000000000B /* CipherPath.app */,
				F0000000000000000000000C /* CipherPathTests.xctest */,
			);
			name = Products;
			sourceTree = "<group>";
		};
/* End PBXGroup section */

/* Begin PBXNativeTarget section */
		A00000000000000000000002 /* CipherPath */ = {
			isa = PBXNativeTarget;
			buildConfigurationList = A00000000000000000000007 /* Build configuration list for PBXNativeTarget "CipherPath" */;
			buildPhases = (
				C00000000000000000000001 /* Sources */,
				B00000000000000000000001 /* Frameworks */,
				D00000000000000000000001 /* Resources */,
			);
			buildRules = (
			);
			dependencies = (
			);
			name = CipherPath;
			productName = CipherPath;
			productReference = F0000000000000000000000B /* CipherPath.app */;
			productType = "com.apple.product-type.application";
		};
		A00000000000000000000008 /* CipherPathTests */ = {
			isa = PBXNativeTarget;
			buildConfigurationList = A00000000000000000000009 /* Build configuration list for PBXNativeTarget "CipherPathTests" */;
			buildPhases = (
				C00000000000000000000002 /* Sources */,
				B00000000000000000000002 /* Frameworks */,
				D00000000000000000000002 /* Resources */,
			);
			buildRules = (
			);
			dependencies = (
				A10000000000000000000002 /* PBXTargetDependency */,
			);
			name = CipherPathTests;
			productName = CipherPathTests;
			productReference = F0000000000000000000000C /* CipherPathTests.xctest */;
			productType = "com.apple.product-type.bundle.unit-test";
		};
/* End PBXNativeTarget section */

/* Begin PBXProject section */
		A00000000000000000000001 /* Project object */ = {
			isa = PBXProject;
			attributes = {
				BuildIndependentTargetsInParallel = 1;
				LastSwiftUpdateCheck = 2660;
				LastUpgradeCheck = 2700;
				TargetAttributes = {
					A00000000000000000000002 = {
						CreatedOnToolsVersion = 26.6;
					};
					A00000000000000000000008 = {
						CreatedOnToolsVersion = 26.6;
						TestTargetID = A00000000000000000000002;
					};
				};
			};
			buildConfigurationList = A0000000000000000000000A /* Build configuration list for PBXProject "CipherPath" */;
			developmentRegion = pl;
			hasScannedForEncodings = 0;
			knownRegions = (
				pl,
				Base,
			);
			mainGroup = A00000000000000000000003;
			preferredProjectObjectVersion = 77;
			productRefGroup = A00000000000000000000006 /* Products */;
			projectDirPath = "";
			projectRoot = "";
			targets = (
				A00000000000000000000002 /* CipherPath */,
				A00000000000000000000008 /* CipherPathTests */,
			);
		};
/* End PBXProject section */

/* Begin PBXResourcesBuildPhase section */
		D00000000000000000000001 /* Resources */ = {
			isa = PBXResourcesBuildPhase;
			buildActionMask = 2147483647;
			files = (
				E00000000000000000000019 /* Assets.xcassets in Resources */,
				E00000000000000000000020 /* PrivacyInfo.xcprivacy in Resources */,
			);
			runOnlyForDeploymentPostprocessing = 0;
		};
		D00000000000000000000002 /* Resources */ = {
			isa = PBXResourcesBuildPhase;
			buildActionMask = 2147483647;
			files = (
			);
			runOnlyForDeploymentPostprocessing = 0;
		};
/* End PBXResourcesBuildPhase section */

/* Begin PBXSourcesBuildPhase section */
		C00000000000000000000001 /* Sources */ = {
			isa = PBXSourcesBuildPhase;
			buildActionMask = 2147483647;
			files = (
				E00000000000000000000001 /* CipherPathApp.swift in Sources */,
				E00000000000000000000002 /* AppShellView.swift in Sources */,
				E00000000000000000000003 /* Models.swift in Sources */,
				E00000000000000000000004 /* LocalNetworkInfo.swift in Sources */,
				E00000000000000000000005 /* BonjourDiscovery.swift in Sources */,
				E00000000000000000000006 /* NetworkScanner.swift in Sources */,
				E00000000000000000000010 /* NetworkDiagnostics.swift in Sources */,
				E00000000000000000000011 /* NetworkToolsModel.swift in Sources */,
				E00000000000000000000012 /* DiagnosticsView.swift in Sources */,
				E00000000000000000000013 /* PortScannerView.swift in Sources */,
				E00000000000000000000014 /* DashboardView.swift in Sources */,
				E00000000000000000000015 /* UIComponents.swift in Sources */,
				E00000000000000000000016 /* ISHToolkit.swift in Sources */,
				E00000000000000000000017 /* ISHToolkitView.swift in Sources */,
				E00000000000000000000021 /* SSHShortcutLibrary.swift in Sources */,
				E00000000000000000000022 /* SSHShortcutLibraryView.swift in Sources */,
				E00000000000000000000023 /* ToolboxModel.swift in Sources */,
				E00000000000000000000024 /* ToolboxView.swift in Sources */,
				E00000000000000000000025 /* LearningModels.swift in Sources */,
				E00000000000000000000026 /* LearningPathListView.swift in Sources */,
				E00000000000000000000027 /* LearningPathDetailView.swift in Sources */,
				E00000000000000000000028 /* MissionsView.swift in Sources */,
				E00000000000000000000029 /* AchievementsView.swift in Sources */,
				E00000000000000000000030 /* LearningProgressStore.swift in Sources */,
				E00000000000000000000031 /* LessonFlowView.swift in Sources */,
				E00000000000000000000033 /* LabCommandParser.swift in Sources */,
				E00000000000000000000034 /* LabModels.swift in Sources */,
				E00000000000000000000035 /* LabEngine.swift in Sources */,
				E00000000000000000000037 /* StarterLabs.swift in Sources */,
				E00000000000000000000038 /* LabTerminalView.swift in Sources */,
				E00000000000000000000040 /* AchievementModels.swift in Sources */,
				E00000000000000000000042 /* PointsModels.swift in Sources */,
				E00000000000000000000043 /* PointsView.swift in Sources */,
				E00000000000000000000018 /* ScanDetailsView.swift in Sources */,
				E00000000000000000000007 /* ScannerView.swift in Sources */,
				E00000000000000000000008 /* SupportingViews.swift in Sources */,
				082ED673303EE688004EB778 /* KnownDeviceStore.swift in Sources */,
			);
			runOnlyForDeploymentPostprocessing = 0;
		};
		C00000000000000000000002 /* Sources */ = {
			isa = PBXSourcesBuildPhase;
			buildActionMask = 2147483647;
			files = (
				E00000000000000000000009 /* CipherPathTests.swift in Sources */,
				E00000000000000000000032 /* LabEngineTests.swift in Sources */,
				E00000000000000000000036 /* StarterLabsTests.swift in Sources */,
				E00000000000000000000039 /* AchievementTests.swift in Sources */,
				E00000000000000000000041 /* PointsWalletTests.swift in Sources */,
			);
			runOnlyForDeploymentPostprocessing = 0;
		};
/* End PBXSourcesBuildPhase section */

/* Begin PBXTargetDependency section */
		A10000000000000000000002 /* PBXTargetDependency */ = {
			isa = PBXTargetDependency;
			target = A00000000000000000000002 /* CipherPath */;
			targetProxy = A10000000000000000000001 /* PBXContainerItemProxy */;
		};
/* End PBXTargetDependency section */

/* Begin XCBuildConfiguration section */
		A20000000000000000000001 /* Debug */ = {
			isa = XCBuildConfiguration;
			buildSettings = {
				ALWAYS_SEARCH_USER_PATHS = NO;
				ASSETCATALOG_COMPILER_GENERATE_SWIFT_ASSET_SYMBOL_EXTENSIONS = YES;
				CLANG_ENABLE_MODULES = YES;
				CLANG_ENABLE_OBJC_ARC = YES;
				CLANG_WARN_BLOCK_CAPTURE_AUTORELEASING = YES;
				CLANG_WARN_BOOL_CONVERSION = YES;
				CLANG_WARN_COMMA = YES;
				CLANG_WARN_CONSTANT_CONVERSION = YES;
				CLANG_WARN_DEPRECATED_OBJC_IMPLEMENTATIONS = YES;
				CLANG_WARN_EMPTY_BODY = YES;
				CLANG_WARN_ENUM_CONVERSION = YES;
				CLANG_WARN_INFINITE_RECURSION = YES;
				CLANG_WARN_INT_CONVERSION = YES;
				CLANG_WARN_NON_LITERAL_NULL_CONVERSION = YES;
				CLANG_WARN_OBJC_IMPLICIT_RETAIN_SELF = YES;
				CLANG_WARN_OBJC_LITERAL_CONVERSION = YES;
				CLANG_WARN_QUOTED_INCLUDE_IN_FRAMEWORK_HEADER = YES;
				CLANG_WARN_RANGE_LOOP_ANALYSIS = YES;
				CLANG_WARN_STRICT_PROTOTYPES = YES;
				CLANG_WARN_SUSPICIOUS_MOVE = YES;
				CLANG_WARN_UNREACHABLE_CODE = YES;
				CLANG_WARN__DUPLICATE_METHOD_MATCH = YES;
				COPY_PHASE_STRIP = NO;
				DEBUG_INFORMATION_FORMAT = dwarf;
				DEVELOPMENT_TEAM = BVL53K3W8F;
				ENABLE_STRICT_OBJC_MSGSEND = YES;
				ENABLE_TESTABILITY = YES;
				ENABLE_USER_SCRIPT_SANDBOXING = YES;
				GCC_C_LANGUAGE_STANDARD = gnu17;
				GCC_NO_COMMON_BLOCKS = YES;
				GCC_OPTIMIZATION_LEVEL = 0;
				GCC_WARN_64_TO_32_BIT_CONVERSION = YES;
				GCC_WARN_ABOUT_RETURN_TYPE = YES;
				GCC_WARN_UNDECLARED_SELECTOR = YES;
				GCC_WARN_UNINITIALIZED_AUTOS = YES;
				GCC_WARN_UNUSED_FUNCTION = YES;
				GCC_WARN_UNUSED_VARIABLE = YES;
				IPHONEOS_DEPLOYMENT_TARGET = 17.0;
				MTL_ENABLE_DEBUG_INFO = INCLUDE_SOURCE;
				ONLY_ACTIVE_ARCH = YES;
				SDKROOT = iphoneos;
				STRING_CATALOG_GENERATE_SYMBOLS = YES;
				SWIFT_ACTIVE_COMPILATION_CONDITIONS = "DEBUG $(inherited)";
				SWIFT_OPTIMIZATION_LEVEL = "-Onone";
			};
			name = Debug;
		};
		A20000000000000000000002 /* Release */ = {
			isa = XCBuildConfiguration;
			buildSettings = {
				ALWAYS_SEARCH_USER_PATHS = NO;
				ASSETCATALOG_COMPILER_GENERATE_SWIFT_ASSET_SYMBOL_EXTENSIONS = YES;
				CLANG_ENABLE_MODULES = YES;
				CLANG_ENABLE_OBJC_ARC = YES;
				CLANG_WARN_BLOCK_CAPTURE_AUTORELEASING = YES;
				CLANG_WARN_BOOL_CONVERSION = YES;
				CLANG_WARN_COMMA = YES;
				CLANG_WARN_CONSTANT_CONVERSION = YES;
				CLANG_WARN_DEPRECATED_OBJC_IMPLEMENTATIONS = YES;
				CLANG_WARN_EMPTY_BODY = YES;
				CLANG_WARN_ENUM_CONVERSION = YES;
				CLANG_WARN_INFINITE_RECURSION = YES;
				CLANG_WARN_INT_CONVERSION = YES;
				CLANG_WARN_NON_LITERAL_NULL_CONVERSION = YES;
				CLANG_WARN_OBJC_IMPLICIT_RETAIN_SELF = YES;
				CLANG_WARN_OBJC_LITERAL_CONVERSION = YES;
				CLANG_WARN_QUOTED_INCLUDE_IN_FRAMEWORK_HEADER = YES;
				CLANG_WARN_RANGE_LOOP_ANALYSIS = YES;
				CLANG_WARN_STRICT_PROTOTYPES = YES;
				CLANG_WARN_SUSPICIOUS_MOVE = YES;
				CLANG_WARN_UNREACHABLE_CODE = YES;
				CLANG_WARN__DUPLICATE_METHOD_MATCH = YES;
				COPY_PHASE_STRIP = NO;
				DEBUG_INFORMATION_FORMAT = "dwarf-with-dsym";
				DEVELOPMENT_TEAM = BVL53K3W8F;
				ENABLE_NS_ASSERTIONS = NO;
				ENABLE_STRICT_OBJC_MSGSEND = YES;
				ENABLE_USER_SCRIPT_SANDBOXING = YES;
				GCC_C_LANGUAGE_STANDARD = gnu17;
				GCC_NO_COMMON_BLOCKS = YES;
				GCC_WARN_64_TO_32_BIT_CONVERSION = YES;
				GCC_WARN_ABOUT_RETURN_TYPE = YES;
				GCC_WARN_UNDECLARED_SELECTOR = YES;
				GCC_WARN_UNINITIALIZED_AUTOS = YES;
				GCC_WARN_UNUSED_FUNCTION = YES;
				GCC_WARN_UNUSED_VARIABLE = YES;
				IPHONEOS_DEPLOYMENT_TARGET = 17.0;
				MTL_ENABLE_DEBUG_INFO = NO;
				SDKROOT = iphoneos;
				STRING_CATALOG_GENERATE_SYMBOLS = YES;
				SWIFT_COMPILATION_MODE = wholemodule;
				SWIFT_OPTIMIZATION_LEVEL = "-O";
				VALIDATE_PRODUCT = YES;
			};
			name = Release;
		};
		A20000000000000000000003 /* Debug */ = {
			isa = XCBuildConfiguration;
			buildSettings = {
				APP_DISPLAY_NAME = "CipherPath Dev";
				CipherPathProProductID = "local.cipherpath.pro";
				CipherPathSubscriptionProductIDs = "local.cipherpath.subscription.monthly,local.cipherpath.subscription.yearly";
				ASSETCATALOG_COMPILER_APPICON_NAME = AppIcon;
				CODE_SIGN_STYLE = Automatic;
				CURRENT_PROJECT_VERSION = 4;
				ENABLE_PREVIEWS = YES;
				GENERATE_INFOPLIST_FILE = NO;
				INFOPLIST_FILE = CipherPath/Info.plist;
				INFOPLIST_KEY_LSApplicationCategoryType = "public.app-category.utilities";
				LD_RUNPATH_SEARCH_PATHS = (
					"$(inherited)",
					"@executable_path/Frameworks",
				);
				MARKETING_VERSION = 1.3;
				PRODUCT_BUNDLE_IDENTIFIER = pl.krystian.CipherPath.dev;
				PRODUCT_NAME = "$(TARGET_NAME)";
				SWIFT_ACTIVE_COMPILATION_CONDITIONS = "$(inherited) CIPHERPATH_DEVELOPER";
				SWIFT_EMIT_LOC_STRINGS = YES;
				SWIFT_VERSION = 5.0;
				TARGETED_DEVICE_FAMILY = "1,2";
			};
			name = Debug;
		};
		A20000000000000000000004 /* Release */ = {
			isa = XCBuildConfiguration;
			buildSettings = {
				APP_DISPLAY_NAME = CipherPath;
				ASSETCATALOG_COMPILER_APPICON_NAME = AppIcon;
				CODE_SIGN_STYLE = Automatic;
				CURRENT_PROJECT_VERSION = 4;
				ENABLE_PREVIEWS = YES;
				GENERATE_INFOPLIST_FILE = NO;
				INFOPLIST_FILE = CipherPath/Info.plist;
				INFOPLIST_KEY_LSApplicationCategoryType = "public.app-category.utilities";
				LD_RUNPATH_SEARCH_PATHS = (
					"$(inherited)",
					"@executable_path/Frameworks",
				);
				MARKETING_VERSION = 1.3;
				PRODUCT_BUNDLE_IDENTIFIER = pl.krystian.CipherPath;
				PRODUCT_NAME = "$(TARGET_NAME)";
				SWIFT_EMIT_LOC_STRINGS = YES;
				SWIFT_VERSION = 5.0;
				TARGETED_DEVICE_FAMILY = "1,2";
			};
			name = Release;
		};
		A20000000000000000000005 /* Debug */ = {
			isa = XCBuildConfiguration;
			buildSettings = {
				BUNDLE_LOADER = "$(TEST_HOST)";
				CODE_SIGN_STYLE = Automatic;
				GENERATE_INFOPLIST_FILE = YES;
				IPHONEOS_DEPLOYMENT_TARGET = 17.0;
				LD_RUNPATH_SEARCH_PATHS = (
					"$(inherited)",
					"@executable_path/Frameworks",
					"@loader_path/Frameworks",
				);
				PRODUCT_BUNDLE_IDENTIFIER = pl.krystian.CipherPathTests;
				PRODUCT_NAME = "$(TARGET_NAME)";
				SWIFT_VERSION = 5.0;
				TARGETED_DEVICE_FAMILY = "1,2";
				TEST_HOST = "$(BUILT_PRODUCTS_DIR)/CipherPath.app/$(BUNDLE_EXECUTABLE_FOLDER_PATH)/CipherPath";
			};
			name = Debug;
		};
		A20000000000000000000006 /* Release */ = {
			isa = XCBuildConfiguration;
			buildSettings = {
				BUNDLE_LOADER = "$(TEST_HOST)";
				CODE_SIGN_STYLE = Automatic;
				GENERATE_INFOPLIST_FILE = YES;
				IPHONEOS_DEPLOYMENT_TARGET = 17.0;
				LD_RUNPATH_SEARCH_PATHS = (
					"$(inherited)",
					"@executable_path/Frameworks",
					"@loader_path/Frameworks",
				);
				PRODUCT_BUNDLE_IDENTIFIER = pl.krystian.CipherPathTests;
				PRODUCT_NAME = "$(TARGET_NAME)";
				SWIFT_VERSION = 5.0;
				TARGETED_DEVICE_FAMILY = "1,2";
				TEST_HOST = "$(BUILT_PRODUCTS_DIR)/CipherPath.app/$(BUNDLE_EXECUTABLE_FOLDER_PATH)/CipherPath";
			};
			name = Release;
		};
/* End XCBuildConfiguration section */

/* Begin XCConfigurationList section */
		A00000000000000000000007 /* Build configuration list for PBXNativeTarget "CipherPath" */ = {
			isa = XCConfigurationList;
			buildConfigurations = (
				A20000000000000000000003 /* Debug */,
				A20000000000000000000004 /* Release */,
			);
			defaultConfigurationIsVisible = 0;
			defaultConfigurationName = Release;
		};
		A00000000000000000000009 /* Build configuration list for PBXNativeTarget "CipherPathTests" */ = {
			isa = XCConfigurationList;
			buildConfigurations = (
				A20000000000000000000005 /* Debug */,
				A20000000000000000000006 /* Release */,
			);
			defaultConfigurationIsVisible = 0;
			defaultConfigurationName = Release;
		};
		A0000000000000000000000A /* Build configuration list for PBXProject "CipherPath" */ = {
			isa = XCConfigurationList;
			buildConfigurations = (
				A20000000000000000000001 /* Debug */,
				A20000000000000000000002 /* Release */,
			);
			defaultConfigurationIsVisible = 0;
			defaultConfigurationName = Release;
		};
/* End XCConfigurationList section */
	};
	rootObject = A00000000000000000000001 /* Project object */;
}
